
Microsoft Visual Studio Solution File, Format Version 12.00
# Visual Studio Version 17
VisualStudioVersion = 17.3.32929.385
MinimumVisualStudioVersion = 10.0.40219.1
Project("{FAE04EC0-301F-11D3-BF4B-00C04F79EFBC}") = "DKS3SC", "DKS3SC\DKS3SC.csproj", "{3124AB5B-F283-47B6-BF99-1F5CC5865E9A}"
EndProject
Global
	GlobalSection(SolutionConfigurationPlatforms) = preSolution
		Debug|Any CPU = Debug|Any CPU
		Release|Any CPU = Release|Any CPU
	EndGlobalSection
	GlobalSection(ProjectConfigurationPlatforms) = postSolution
		{3124AB5B-F283-47B6-BF99-1F5CC5865E9A}.Debug|Any CPU.ActiveCfg = Debug|Any CPU
		{3124AB5B-F283-47B6-BF99-1F5CC5865E9A}.Debug|Any CPU.Build.0 = Debug|Any CPU
		{3124AB5B-F283-47B6-BF99-1F5CC5865E9A}.Release|Any CPU.ActiveCfg = Release|Any CPU
		{3124AB5B-F283-47B6-BF99-1F5CC5865E9A}.Release|Any CPU.Build.0 = Release|Any CPU
	EndGlobalSection
	GlobalSection(SolutionProperties) = preSolution
		HideSolutionNode = FALSE
	EndGlobalSection
	GlobalSection(ExtensibilityGlobals) = postSolution
		SolutionGuid = {2DDA3A0B-480F-4A72-88A5-31850B8EE083}
	EndGlobalSection
EndGlobal
